
Microsoft Visual Studio Solution File, Format Version 12.00
# Visual Studio 15
Project("{FAE04EC0-301F-11D3-BF4B-00C04F79EFBC}") = "Assembly-CSharp", "Assembly-CSharp.csproj", "{8E9CDCCC-53CF-0CBE-5FA1-382615C691E2}"
EndProject
Project("{FAE04EC0-301F-11D3-BF4B-00C04F79EFBC}") = "Assembly-CSharp-Editor", "Assembly-CSharp-Editor.csproj", "{B6B89042-0ED9-074F-4F68-67D8E20198F4}"
EndProject
Project("{FAE04EC0-301F-11D3-BF4B-00C04F79EFBC}") = "AdjustPivot.Editor", "AdjustPivot.Editor.csproj", "{4BB91AC8-6100-B779-8F68-B6CCA797C264}"
EndProject
Global
	GlobalSection(SolutionConfigurationPlatforms) = preSolution
		Debug|Any CPU = Debug|Any CPU
		Release|Any CPU = Release|Any CPU
	EndGlobalSection
	GlobalSection(ProjectConfigurationPlatforms) = postSolution
		{8E9CDCCC-53CF-0CBE-5FA1-382615C691E2}.Debug|Any CPU.ActiveCfg = Debug|Any CPU
		{8E9CDCCC-53CF-0CBE-5FA1-382615C691E2}.Debug|Any CPU.Build.0 = Debug|Any CPU
		{8E9CDCCC-53CF-0CBE-5FA1-382615C691E2}.Release|Any CPU.ActiveCfg = Release|Any CPU
		{8E9CDCCC-53CF-0CBE-5FA1-382615C691E2}.Release|Any CPU.Build.0 = Release|Any CPU
		{B6B89042-0ED9-074F-4F68-67D8E20198F4}.Debug|Any CPU.ActiveCfg = Debug|Any CPU
		{B6B89042-0ED9-074F-4F68-67D8E20198F4}.Debug|Any CPU.Build.0 = Debug|Any CPU
		{B6B89042-0ED9-074F-4F68-67D8E20198F4}.Release|Any CPU.ActiveCfg = Release|Any CPU
		{B6B89042-0ED9-074F-4F68-67D8E20198F4}.Release|Any CPU.Build.0 = Release|Any CPU
		{4BB91AC8-6100-B779-8F68-B6CCA797C264}.Debug|Any CPU.ActiveCfg = Debug|Any CPU
		{4BB91AC8-6100-B779-8F68-B6CCA797C264}.Debug|Any CPU.Build.0 = Debug|Any CPU
		{4BB91AC8-6100-B779-8F68-B6CCA797C264}.Release|Any CPU.ActiveCfg = Release|Any CPU
		{4BB91AC8-6100-B779-8F68-B6CCA797C264}.Release|Any CPU.Build.0 = Release|Any CPU
	EndGlobalSection
	GlobalSection(SolutionProperties) = preSolution
		HideSolutionNode = FALSE
	EndGlobalSection
EndGlobal
